{
  "version": 4,
  "terraform_version": "1.7.4",
  "serial": 5,
  "lineage": "066ed364-0d63-0554-31eb-5b86f306d678",
  "outputs": {},
  "resources": [
    {
      "mode": "managed",
      "type": "github_repository",
      "name": "terraform-learning-repo",
      "provider": "provider[\"registry.terraform.io/hashicorp/github\"]",
      "instances": [
        {
          "schema_version": 1,
          "attributes": {
            "allow_auto_merge": false,
            "allow_merge_commit": false,
            "allow_rebase_merge": false,
            "allow_squash_merge": false,
            "allow_update_branch": false,
            "archive_on_destroy": null,
            "archived": false,
            "auto_init": true,
            "default_branch": "main",
            "delete_branch_on_merge": false,
            "description": "Test repository for learning Terraform",
            "etag": "W/\"005a01a54ab00e7314a57972f3873cb0c3b4a11c6817eb30ba9a153f973efcd3\"",
            "full_name": "Shubhamkhapra/terraform-learning",
            "git_clone_url": "git://github.com/Shubhamkhapra/terraform-learning.git",
            "gitignore_template": null,
            "has_discussions": false,
            "has_downloads": false,
            "has_issues": false,
            "has_projects": false,
            "has_wiki": false,
            "homepage_url": "",
            "html_url": "https://github.com/Shubhamkhapra/terraform-learning",
            "http_clone_url": "https://github.com/Shubhamkhapra/terraform-learning.git",
            "id": "terraform-learning",
            "ignore_vulnerability_alerts_during_read": null,
            "is_template": false,
            "license_template": null,
            "merge_commit_message": "",
            "merge_commit_title": "",
            "name": "terraform-learning",
            "node_id": "R_kgDOLbFuxg",
            "pages": [],
            "primary_language": "",
            "private": false,
            "repo_id": 766602950,
            "security_and_analysis": [],
            "squash_merge_commit_message": "",
            "squash_merge_commit_title": "",
            "ssh_clone_url": "git@github.com:Shubhamkhapra/terraform-learning.git",
            "svn_url": "https://github.com/Shubhamkhapra/terraform-learning",
            "template": [],
            "topics": [],
            "visibility": "public",
            "vulnerability_alerts": false,
            "web_commit_signoff_required": false
          },
          "sensitive_attributes": [],
          "private": "eyJzY2hlbWFfdmVyc2lvbiI6IjEifQ=="
        }
      ]
    }
  ],
  "check_results": null
}
