{
  "version": 4,
  "terraform_version": "1.7.4",
  "serial": 1,
  "lineage": "c5f1e07b-7e88-b986-ffee-d464d0448930",
  "outputs": {},
  "resources": [
    {
      "mode": "managed",
      "type": "github_repository",
      "name": "awsRepo",
      "provider": "provider[\"registry.terraform.io/hashicorp/github\"]",
      "instances": [
        {
          "schema_version": 1,
          "attributes": {
            "allow_auto_merge": false,
            "allow_merge_commit": true,
            "allow_rebase_merge": true,
            "allow_squash_merge": true,
            "allow_update_branch": false,
            "archive_on_destroy": null,
            "archived": false,
            "auto_init": true,
            "default_branch": "main",
            "delete_branch_on_merge": false,
            "description": "",
            "etag": "W/\"d2a20bbdcc7c4b32168517ed72bbe51c79b5688d90bbdfd46e70807c3ab898aa\"",
            "full_name": "Shubhamkhapra/awsInstanceRepo",
            "git_clone_url": "git://github.com/Shubhamkhapra/awsInstanceRepo.git",
            "gitignore_template": null,
            "has_discussions": false,
            "has_downloads": false,
            "has_issues": false,
            "has_projects": false,
            "has_wiki": false,
            "homepage_url": "",
            "html_url": "https://github.com/Shubhamkhapra/awsInstanceRepo",
            "http_clone_url": "https://github.com/Shubhamkhapra/awsInstanceRepo.git",
            "id": "awsInstanceRepo",
            "ignore_vulnerability_alerts_during_read": null,
            "is_template": false,
            "license_template": null,
            "merge_commit_message": "PR_TITLE",
            "merge_commit_title": "MERGE_MESSAGE",
            "name": "awsInstanceRepo",
            "node_id": "R_kgDOLblG7g",
            "pages": [],
            "primary_language": "",
            "private": true,
            "repo_id": 767117038,
            "security_and_analysis": [],
            "squash_merge_commit_message": "COMMIT_MESSAGES",
            "squash_merge_commit_title": "COMMIT_OR_PR_TITLE",
            "ssh_clone_url": "git@github.com:Shubhamkhapra/awsInstanceRepo.git",
            "svn_url": "https://github.com/Shubhamkhapra/awsInstanceRepo",
            "template": [],
            "topics": [],
            "visibility": "private",
            "vulnerability_alerts": false,
            "web_commit_signoff_required": false
          },
          "sensitive_attributes": [],
          "private": "eyJzY2hlbWFfdmVyc2lvbiI6IjEifQ=="
        }
      ]
    }
  ],
  "check_results": null
}
